Microsoft Visual Studio Solution File, Format Version 12.00
# Visual Studio Version 17
VisualStudioVersion = 17.5.2.0
MinimumVisualStudioVersion = 10.0.40219.1
Project("{2150E333-8FDC-42A3-9474-1A3956D46DE8}") = "Chapter02", "Chapter02", "{83284CC3-4D6F-31AD-75F4-3AA27EF142C9}"
EndProject
Project("{2150E333-8FDC-42A3-9474-1A3956D46DE8}") = "Chapter03", "Chapter03", "{77D47273-4708-F4DB-7D32-0B2807E793B0}"
EndProject
Project("{2150E333-8FDC-42A3-9474-1A3956D46DE8}") = "Chapter01", "Chapter01", "{BDD87D82-D8F4-E333-5011-E16DD074FEB6}"
EndProject
Project("{2150E333-8FDC-42A3-9474-1A3956D46DE8}") = "Chapter01-vscode", "Chapter01-vscode", "{1FEA5299-738B-C9AA-8D73-84A4D4462965}"
EndProject
Project("{FAE04EC0-301F-11D3-BF4B-00C04F79EFBC}") = "Numbers", "Chapter02\Numbers\Numbers.csproj", "{96CB646A-1A7F-AA75-4B40-323D364F597E}"
EndProject
Project("{FAE04EC0-301F-11D3-BF4B-00C04F79EFBC}") = "AsyncConsole", "Chapter02\AsyncConsole\AsyncConsole.csproj", "{871BE18C-3976-0964-C75C-AA24E2D3598A}"
EndProject
Project("{FAE04EC0-301F-11D3-BF4B-00C04F79EFBC}") = "Variables", "Chapter02\Variables\Variables.csproj", "{EB2B185E-61EC-8A77-2B4E-731F6885A1EC}"
EndProject
Project("{FAE04EC0-301F-11D3-BF4B-00C04F79EFBC}") = "Formatting", "Chapter02\Formatting\Formatting.csproj", "{74D8B207-5E5C-4DEC-9853-C16B422DF56B}"
EndProject
Project("{FAE04EC0-301F-11D3-BF4B-00C04F79EFBC}") = "Exercise_Numbers", "Chapter02\Exercise_Numbers\Exercise_Numbers.csproj", "{C601C8EF-2193-D696-D10B-3D8058CC21AF}"
EndProject
Project("{FAE04EC0-301F-11D3-BF4B-00C04F79EFBC}") = "Arguments", "Chapter02\Arguments\Arguments.csproj", "{8084AFF3-4825-7C47-89C5-FDCAEC22EBB8}"
EndProject
Project("{FAE04EC0-301F-11D3-BF4B-00C04F79EFBC}") = "Vocabulary", "Chapter02\Vocabulary\Vocabulary.csproj", "{8964FB3F-BC03-E813-97E8-CBBA93E38BBC}"
EndProject
Project("{FAE04EC0-301F-11D3-BF4B-00C04F79EFBC}") = "HandlingExceptions", "Chapter03\HandlingExceptions\HandlingExceptions.csproj", "{E2C889BA-5A71-D9C4-29AD-314F60BE34AA}"
EndProject
Project("{FAE04EC0-301F-11D3-BF4B-00C04F79EFBC}") = "Exercise_FizzBuzz", "Chapter03\Exercise_FizzBuzz\Exercise_FizzBuzz.csproj", "{B629B06D-FF8C-8A00-0DBD-F3349A9B663A}"
EndProject
Project("{FAE04EC0-301F-11D3-BF4B-00C04F79EFBC}") = "Operators", "Chapter03\Operators\Operators.csproj", "{832788E6-8CDF-A486-FD3A-640766198730}"
EndProject
Project("{FAE04EC0-301F-11D3-BF4B-00C04F79EFBC}") = "Exercise_Exceptions", "Chapter03\Exercise_Exceptions\Exercise_Exceptions.csproj", "{8B37066B-A338-8ED8-04E6-5D3BDC6893FB}"
EndProject
Project("{FAE04EC0-301F-11D3-BF4B-00C04F79EFBC}") = "Exercise_LoopsAndOverflow", "Chapter03\Exercise_LoopsAndOverflow\Exercise_LoopsAndOverflow.csproj", "{F99F02E1-415D-1B35-89CD-683F10C7EB7B}"
EndProject
Project("{FAE04EC0-301F-11D3-BF4B-00C04F79EFBC}") = "Arrays", "Chapter03\Arrays\Arrays.csproj", "{12E0B7BB-400F-8983-8139-DA7AC2349AE4}"
EndProject
Project("{FAE04EC0-301F-11D3-BF4B-00C04F79EFBC}") = "IterationStatements", "Chapter03\IterationStatements\IterationStatements.csproj", "{DE15F25B-9801-35A9-DC51-DB5F2A577C94}"
EndProject
Project("{FAE04EC0-301F-11D3-BF4B-00C04F79EFBC}") = "SelectionStatements", "Chapter03\SelectionStatements\SelectionStatements.csproj", "{F01F829B-620A-633B-D059-2C5E77F0C9C3}"
EndProject
Project("{FAE04EC0-301F-11D3-BF4B-00C04F79EFBC}") = "CastingConverting", "Chapter03\CastingConverting\CastingConverting.csproj", "{FE9BAE49-223E-B9F6-4257-735FECF833F7}"
EndProject
Project("{FAE04EC0-301F-11D3-BF4B-00C04F79EFBC}") = "AboutMyEnvironment", "Chapter01\AboutMyEnvironment\AboutMyEnvironment.csproj", "{DD0A4338-1F6B-B70F-0B0B-D47CE061A66C}"
EndProject
Project("{FAE04EC0-301F-11D3-BF4B-00C04F79EFBC}") = "HelloCS", "Chapter01\HelloCS\HelloCS.csproj", "{52D36A72-8F20-7457-E9CB-3E05A7097F06}"
EndProject
Project("{FAE04EC0-301F-11D3-BF4B-00C04F79EFBC}") = "AboutMyEnvironment", "Chapter01-vscode\AboutMyEnvironment\AboutMyEnvironment.csproj", "{5AB39B41-0A11-DD4E-32EA-0EB90949B8C8}"
EndProject
Project("{FAE04EC0-301F-11D3-BF4B-00C04F79EFBC}") = "HelloCS", "Chapter01-vscode\HelloCS\HelloCS.csproj", "{29B9DF4F-4169-D68C-A330-F7458D452827}"
EndProject
Global
	GlobalSection(SolutionConfigurationPlatforms) = preSolution
		Debug|Any CPU = Debug|Any CPU
		Release|Any CPU = Release|Any CPU
	EndGlobalSection
	GlobalSection(ProjectConfigurationPlatforms) = postSolution
		{96CB646A-1A7F-AA75-4B40-323D364F597E}.Debug|Any CPU.ActiveCfg = Debug|Any CPU
		{96CB646A-1A7F-AA75-4B40-323D364F597E}.Debug|Any CPU.Build.0 = Debug|Any CPU
		{96CB646A-1A7F-AA75-4B40-323D364F597E}.Release|Any CPU.ActiveCfg = Release|Any CPU
		{96CB646A-1A7F-AA75-4B40-323D364F597E}.Release|Any CPU.Build.0 = Release|Any CPU
		{871BE18C-3976-0964-C75C-AA24E2D3598A}.Debug|Any CPU.ActiveCfg = Debug|Any CPU
		{871BE18C-3976-0964-C75C-AA24E2D3598A}.Debug|Any CPU.Build.0 = Debug|Any CPU
		{871BE18C-3976-0964-C75C-AA24E2D3598A}.Release|Any CPU.ActiveCfg = Release|Any CPU
		{871BE18C-3976-0964-C75C-AA24E2D3598A}.Release|Any CPU.Build.0 = Release|Any CPU
		{EB2B185E-61EC-8A77-2B4E-731F6885A1EC}.Debug|Any CPU.ActiveCfg = Debug|Any CPU
		{EB2B185E-61EC-8A77-2B4E-731F6885A1EC}.Debug|Any CPU.Build.0 = Debug|Any CPU
		{EB2B185E-61EC-8A77-2B4E-731F6885A1EC}.Release|Any CPU.ActiveCfg = Release|Any CPU
		{EB2B185E-61EC-8A77-2B4E-731F6885A1EC}.Release|Any CPU.Build.0 = Release|Any CPU
		{74D8B207-5E5C-4DEC-9853-C16B422DF56B}.Debug|Any CPU.ActiveCfg = Debug|Any CPU
		{74D8B207-5E5C-4DEC-9853-C16B422DF56B}.Debug|Any CPU.Build.0 = Debug|Any CPU
		{74D8B207-5E5C-4DEC-9853-C16B422DF56B}.Release|Any CPU.ActiveCfg = Release|Any CPU
		{74D8B207-5E5C-4DEC-9853-C16B422DF56B}.Release|Any CPU.Build.0 = Release|Any CPU
		{C601C8EF-2193-D696-D10B-3D8058CC21AF}.Debug|Any CPU.ActiveCfg = Debug|Any CPU
		{C601C8EF-2193-D696-D10B-3D8058CC21AF}.Debug|Any CPU.Build.0 = Debug|Any CPU
		{C601C8EF-2193-D696-D10B-3D8058CC21AF}.Release|Any CPU.ActiveCfg = Release|Any CPU
		{C601C8EF-2193-D696-D10B-3D8058CC21AF}.Release|Any CPU.Build.0 = Release|Any CPU
		{8084AFF3-4825-7C47-89C5-FDCAEC22EBB8}.Debug|Any CPU.ActiveCfg = Debug|Any CPU
		{8084AFF3-4825-7C47-89C5-FDCAEC22EBB8}.Debug|Any CPU.Build.0 = Debug|Any CPU
		{8084AFF3-4825-7C47-89C5-FDCAEC22EBB8}.Release|Any CPU.ActiveCfg = Release|Any CPU
		{8084AFF3-4825-7C47-89C5-FDCAEC22EBB8}.Release|Any CPU.Build.0 = Release|Any CPU
		{8964FB3F-BC03-E813-97E8-CBBA93E38BBC}.Debug|Any CPU.ActiveCfg = Debug|Any CPU
		{8964FB3F-BC03-E813-97E8-CBBA93E38BBC}.Debug|Any CPU.Build.0 = Debug|Any CPU
		{8964FB3F-BC03-E813-97E8-CBBA93E38BBC}.Release|Any CPU.ActiveCfg = Release|Any CPU
		{8964FB3F-BC03-E813-97E8-CBBA93E38BBC}.Release|Any CPU.Build.0 = Release|Any CPU
		{E2C889BA-5A71-D9C4-29AD-314F60BE34AA}.Debug|Any CPU.ActiveCfg = Debug|Any CPU
		{E2C889BA-5A71-D9C4-29AD-314F60BE34AA}.Debug|Any CPU.Build.0 = Debug|Any CPU
		{E2C889BA-5A71-D9C4-29AD-314F60BE34AA}.Release|Any CPU.ActiveCfg = Release|Any CPU
		{E2C889BA-5A71-D9C4-29AD-314F60BE34AA}.Release|Any CPU.Build.0 = Release|Any CPU
		{B629B06D-FF8C-8A00-0DBD-F3349A9B663A}.Debug|Any CPU.ActiveCfg = Debug|Any CPU
		{B629B06D-FF8C-8A00-0DBD-F3349A9B663A}.Debug|Any CPU.Build.0 = Debug|Any CPU
		{B629B06D-FF8C-8A00-0DBD-F3349A9B663A}.Release|Any CPU.ActiveCfg = Release|Any CPU
		{B629B06D-FF8C-8A00-0DBD-F3349A9B663A}.Release|Any CPU.Build.0 = Release|Any CPU
		{832788E6-8CDF-A486-FD3A-640766198730}.Debug|Any CPU.ActiveCfg = Debug|Any CPU
		{832788E6-8CDF-A486-FD3A-640766198730}.Debug|Any CPU.Build.0 = Debug|Any CPU
		{832788E6-8CDF-A486-FD3A-640766198730}.Release|Any CPU.ActiveCfg = Release|Any CPU
		{832788E6-8CDF-A486-FD3A-640766198730}.Release|Any CPU.Build.0 = Release|Any CPU
		{8B37066B-A338-8ED8-04E6-5D3BDC6893FB}.Debug|Any CPU.ActiveCfg = Debug|Any CPU
		{8B37066B-A338-8ED8-04E6-5D3BDC6893FB}.Debug|Any CPU.Build.0 = Debug|Any CPU
		{8B37066B-A338-8ED8-04E6-5D3BDC6893FB}.Release|Any CPU.ActiveCfg = Release|Any CPU
		{8B37066B-A338-8ED8-04E6-5D3BDC6893FB}.Release|Any CPU.Build.0 = Release|Any CPU
		{F99F02E1-415D-1B35-89CD-683F10C7EB7B}.Debug|Any CPU.ActiveCfg = Debug|Any CPU
		{F99F02E1-415D-1B35-89CD-683F10C7EB7B}.Debug|Any CPU.Build.0 = Debug|Any CPU
		{F99F02E1-415D-1B35-89CD-683F10C7EB7B}.Release|Any CPU.ActiveCfg = Release|Any CPU
		{F99F02E1-415D-1B35-89CD-683F10C7EB7B}.Release|Any CPU.Build.0 = Release|Any CPU
		{12E0B7BB-400F-8983-8139-DA7AC2349AE4}.Debug|Any CPU.ActiveCfg = Debug|Any CPU
		{12E0B7BB-400F-8983-8139-DA7AC2349AE4}.Debug|Any CPU.Build.0 = Debug|Any CPU
		{12E0B7BB-400F-8983-8139-DA7AC2349AE4}.Release|Any CPU.ActiveCfg = Release|Any CPU
		{12E0B7BB-400F-8983-8139-DA7AC2349AE4}.Release|Any CPU.Build.0 = Release|Any CPU
		{DE15F25B-9801-35A9-DC51-DB5F2A577C94}.Debug|Any CPU.ActiveCfg = Debug|Any CPU
		{DE15F25B-9801-35A9-DC51-DB5F2A577C94}.Debug|Any CPU.Build.0 = Debug|Any CPU
		{DE15F25B-9801-35A9-DC51-DB5F2A577C94}.Release|Any CPU.ActiveCfg = Release|Any CPU
		{DE15F25B-9801-35A9-DC51-DB5F2A577C94}.Release|Any CPU.Build.0 = Release|Any CPU
		{F01F829B-620A-633B-D059-2C5E77F0C9C3}.Debug|Any CPU.ActiveCfg = Debug|Any CPU
		{F01F829B-620A-633B-D059-2C5E77F0C9C3}.Debug|Any CPU.Build.0 = Debug|Any CPU
		{F01F829B-620A-633B-D059-2C5E77F0C9C3}.Release|Any CPU.ActiveCfg = Release|Any CPU
		{F01F829B-620A-633B-D059-2C5E77F0C9C3}.Release|Any CPU.Build.0 = Release|Any CPU
		{FE9BAE49-223E-B9F6-4257-735FECF833F7}.Debug|Any CPU.ActiveCfg = Debug|Any CPU
		{FE9BAE49-223E-B9F6-4257-735FECF833F7}.Debug|Any CPU.Build.0 = Debug|Any CPU
		{FE9BAE49-223E-B9F6-4257-735FECF833F7}.Release|Any CPU.ActiveCfg = Release|Any CPU
		{FE9BAE49-223E-B9F6-4257-735FECF833F7}.Release|Any CPU.Build.0 = Release|Any CPU
		{DD0A4338-1F6B-B70F-0B0B-D47CE061A66C}.Debug|Any CPU.ActiveCfg = Debug|Any CPU
		{DD0A4338-1F6B-B70F-0B0B-D47CE061A66C}.Debug|Any CPU.Build.0 = Debug|Any CPU
		{DD0A4338-1F6B-B70F-0B0B-D47CE061A66C}.Release|Any CPU.ActiveCfg = Release|Any CPU
		{DD0A4338-1F6B-B70F-0B0B-D47CE061A66C}.Release|Any CPU.Build.0 = Release|Any CPU
		{52D36A72-8F20-7457-E9CB-3E05A7097F06}.Debug|Any CPU.ActiveCfg = Debug|Any CPU
		{52D36A72-8F20-7457-E9CB-3E05A7097F06}.Debug|Any CPU.Build.0 = Debug|Any CPU
		{52D36A72-8F20-7457-E9CB-3E05A7097F06}.Release|Any CPU.ActiveCfg = Release|Any CPU
		{52D36A72-8F20-7457-E9CB-3E05A7097F06}.Release|Any CPU.Build.0 = Release|Any CPU
		{5AB39B41-0A11-DD4E-32EA-0EB90949B8C8}.Debug|Any CPU.ActiveCfg = Debug|Any CPU
		{5AB39B41-0A11-DD4E-32EA-0EB90949B8C8}.Debug|Any CPU.Build.0 = Debug|Any CPU
		{5AB39B41-0A11-DD4E-32EA-0EB90949B8C8}.Release|Any CPU.ActiveCfg = Release|Any CPU
		{5AB39B41-0A11-DD4E-32EA-0EB90949B8C8}.Release|Any CPU.Build.0 = Release|Any CPU
		{29B9DF4F-4169-D68C-A330-F7458D452827}.Debug|Any CPU.ActiveCfg = Debug|Any CPU
		{29B9DF4F-4169-D68C-A330-F7458D452827}.Debug|Any CPU.Build.0 = Debug|Any CPU
		{29B9DF4F-4169-D68C-A330-F7458D452827}.Release|Any CPU.ActiveCfg = Release|Any CPU
		{29B9DF4F-4169-D68C-A330-F7458D452827}.Release|Any CPU.Build.0 = Release|Any CPU
	EndGlobalSection
	GlobalSection(SolutionProperties) = preSolution
		HideSolutionNode = FALSE
	EndGlobalSection
	GlobalSection(NestedProjects) = preSolution
		{96CB646A-1A7F-AA75-4B40-323D364F597E} = {83284CC3-4D6F-31AD-75F4-3AA27EF142C9}
		{871BE18C-3976-0964-C75C-AA24E2D3598A} = {83284CC3-4D6F-31AD-75F4-3AA27EF142C9}
		{EB2B185E-61EC-8A77-2B4E-731F6885A1EC} = {83284CC3-4D6F-31AD-75F4-3AA27EF142C9}
		{74D8B207-5E5C-4DEC-9853-C16B422DF56B} = {83284CC3-4D6F-31AD-75F4-3AA27EF142C9}
		{C601C8EF-2193-D696-D10B-3D8058CC21AF} = {83284CC3-4D6F-31AD-75F4-3AA27EF142C9}
		{8084AFF3-4825-7C47-89C5-FDCAEC22EBB8} = {83284CC3-4D6F-31AD-75F4-3AA27EF142C9}
		{8964FB3F-BC03-E813-97E8-CBBA93E38BBC} = {83284CC3-4D6F-31AD-75F4-3AA27EF142C9}
		{E2C889BA-5A71-D9C4-29AD-314F60BE34AA} = {77D47273-4708-F4DB-7D32-0B2807E793B0}
		{B629B06D-FF8C-8A00-0DBD-F3349A9B663A} = {77D47273-4708-F4DB-7D32-0B2807E793B0}
		{832788E6-8CDF-A486-FD3A-640766198730} = {77D47273-4708-F4DB-7D32-0B2807E793B0}
		{8B37066B-A338-8ED8-04E6-5D3BDC6893FB} = {77D47273-4708-F4DB-7D32-0B2807E793B0}
		{F99F02E1-415D-1B35-89CD-683F10C7EB7B} = {77D47273-4708-F4DB-7D32-0B2807E793B0}
		{12E0B7BB-400F-8983-8139-DA7AC2349AE4} = {77D47273-4708-F4DB-7D32-0B2807E793B0}
		{DE15F25B-9801-35A9-DC51-DB5F2A577C94} = {77D47273-4708-F4DB-7D32-0B2807E793B0}
		{F01F829B-620A-633B-D059-2C5E77F0C9C3} = {77D47273-4708-F4DB-7D32-0B2807E793B0}
		{FE9BAE49-223E-B9F6-4257-735FECF833F7} = {77D47273-4708-F4DB-7D32-0B2807E793B0}
		{DD0A4338-1F6B-B70F-0B0B-D47CE061A66C} = {BDD87D82-D8F4-E333-5011-E16DD074FEB6}
		{52D36A72-8F20-7457-E9CB-3E05A7097F06} = {BDD87D82-D8F4-E333-5011-E16DD074FEB6}
		{5AB39B41-0A11-DD4E-32EA-0EB90949B8C8} = {1FEA5299-738B-C9AA-8D73-84A4D4462965}
		{29B9DF4F-4169-D68C-A330-F7458D452827} = {1FEA5299-738B-C9AA-8D73-84A4D4462965}
	EndGlobalSection
	GlobalSection(ExtensibilityGlobals) = postSolution
		SolutionGuid = {22DD5C76-2D6D-4A67-8241-76002CA9609C}
	EndGlobalSection
EndGlobal
