<Solution>
  <Configurations>
    <Platform Name="Any CPU" />
    <Platform Name="x64" />
    <Platform Name="x86" />
  </Configurations>
  <Project Path="Arguments/Arguments.csproj" />
  <Project Path="AsyncConsole/AsyncConsole.csproj" />
  <Project Path="Formatting/Formatting.csproj" />
  <Project Path="Numbers/Numbers.csproj" />
  <Project Path="Variables/Variables.csproj" />
  <Project Path="Vocabulary/Vocabulary.csproj" />
</Solution>
