<Solution>
  <Configurations>
    <Platform Name="Any CPU" />
    <Platform Name="x64" />
    <Platform Name="x86" />
  </Configurations>
  <Project Path="Arrays/Arrays.csproj" />
  <Project Path="IterationStatements/IterationStatements.csproj" />
  <Project Path="Operators/Operators.csproj" />
  <Project Path="SelectionStatements/SelectionStatements.csproj" />
</Solution>
